
Microsoft Visual Studio Solution File, Format Version 12.00
# Visual Studio Version 16
VisualStudioVersion = 16.0.31702.278
MinimumVisualStudioVersion = 10.0.40219.1
Project("{FAE04EC0-301F-11D3-BF4B-00C04F79EFBC}") = "FirstConsoleApp_083", "FirstConsoleApp_083\FirstConsoleApp_083.csproj", "{7C750792-E49B-4044-AB75-8F6B1B78143A}"
EndProject
Global
	GlobalSection(SolutionConfigurationPlatforms) = preSolution
		Debug|Any CPU = Debug|Any CPU
		Release|Any CPU = Release|Any CPU
	EndGlobalSection
	GlobalSection(ProjectConfigurationPlatforms) = postSolution
		{7C750792-E49B-4044-AB75-8F6B1B78143A}.Debug|Any CPU.ActiveCfg = Debug|Any CPU
		{7C750792-E49B-4044-AB75-8F6B1B78143A}.Debug|Any CPU.Build.0 = Debug|Any CPU
		{7C750792-E49B-4044-AB75-8F6B1B78143A}.Release|Any CPU.ActiveCfg = Release|Any CPU
		{7C750792-E49B-4044-AB75-8F6B1B78143A}.Release|Any CPU.Build.0 = Release|Any CPU
	EndGlobalSection
	GlobalSection(SolutionProperties) = preSolution
		HideSolutionNode = FALSE
	EndGlobalSection
	GlobalSection(ExtensibilityGlobals) = postSolution
		SolutionGuid = {C4B6C1A3-B717-4395-A200-2A101F95C03B}
	EndGlobalSection
EndGlobal
